
Microsoft Visual Studio Solution File, Format Version 12.00
# Visual Studio Version 17
VisualStudioVersion = 17.8.34330.188
MinimumVisualStudioVersion = 10.0.40219.1
Project("{FAE04EC0-301F-11D3-BF4B-00C04F79EFBC}") = "ToyPos", "ToyPos.csproj", "{F3AF66FD-3B1A-4330-B69E-2EDE46C604D8}"
EndProject
Global
	GlobalSection(SolutionConfigurationPlatforms) = preSolution
		Debug|Any CPU = Debug|Any CPU
		Release|Any CPU = Release|Any CPU
	EndGlobalSection
	GlobalSection(ProjectConfigurationPlatforms) = postSolution
		{F3AF66FD-3B1A-4330-B69E-2EDE46C604D8}.Debug|Any CPU.ActiveCfg = Debug|Any CPU
		{F3AF66FD-3B1A-4330-B69E-2EDE46C604D8}.Debug|Any CPU.Build.0 = Debug|Any CPU
		{F3AF66FD-3B1A-4330-B69E-2EDE46C604D8}.Release|Any CPU.ActiveCfg = Release|Any CPU
		{F3AF66FD-3B1A-4330-B69E-2EDE46C604D8}.Release|Any CPU.Build.0 = Release|Any CPU
	EndGlobalSection
	GlobalSection(SolutionProperties) = preSolution
		HideSolutionNode = FALSE
	EndGlobalSection
	GlobalSection(ExtensibilityGlobals) = postSolution
		SolutionGuid = {A356F1FE-5AD9-4E8E-947C-0F19C35B0C4F}
	EndGlobalSection
EndGlobal
